{
    "_meta": {
        "hash": {
            "sha256": "e31081a5675b231549b5afdecb51b5d8b98953b36d2404ef7474e1eea65d00e3"
        },
        "pipfile-spec": 6,
        "requires": {
            "python_version": "3.6"
        },
        "sources": [
            {
                "name": "pypi",
                "url": "https://pypi.org/simple",
                "verify_ssl": true
            }
        ]
    },
    "default": {
        "django": {
            "hashes": [
                "sha256:acdcc1f61fdb0a0c82a1d3bf1879a414e7732ea894a7632af7f6d66ec7ab5bb3",
                "sha256:efbcad7ebb47daafbcead109b38a5bd519a3c3cd92c6ed0f691ff97fcdd16b45"
            ],
            "index": "pypi",
            "version": "==2.1.2"
        },
        "django-hosts": {
            "hashes": [
                "sha256:3599645f37b4c51df6140d659bef356e05ae7ff7748f8fef14c2c84083dd8089",
                "sha256:8e83232dbd7ff0d9de5c814f16bdf4cd1971bd00c54fa1f3e507aed4f93215a8"
            ],
            "index": "pypi",
            "version": "==3.0"
        },
        "pytz": {
            "hashes": [
                "sha256:a061aa0a9e06881eb8b3b2b43f05b9439d6583c206d0a6c340ff72a7b6669053",
                "sha256:ffb9ef1de172603304d9d2819af6f5ece76f2e85ec10692a524dd876e72bf277"
            ],
            "version": "==2018.5"
        }
    },
    "develop": {}
}
